// !$*UTF8*$!
{
	archiveVersion = 1;
	classes = {
	};
	objectVersion = 50;
	objects = {

/* Begin PBXBuildFile section */
		063EF5742522EDAC0051D554 /* RegistrationInsurerTableViewCell.swift in Sources */ = {isa = PBXBuildFile; fileRef = 063EF5732522EDAC0051D554 /* RegistrationInsurerTableViewCell.swift */; };
		063EF5782522EFC00051D554 /* RegistrationWeightTableViewCell.swift in Sources */ = {isa = PBXBuildFile; fileRef = 063EF5772522EFC00051D554 /* RegistrationWeightTableViewCell.swift */; };
		063EF5882522F6820051D554 /* registrationsResponse.json in Resources */ = {isa = PBXBuildFile; fileRef = 063EF5872522F6820051D554 /* registrationsResponse.json */; };
		063EF58C2522F6AB0051D554 /* MockProvider.swift in Sources */ = {isa = PBXBuildFile; fileRef = 063EF58B2522F6AB0051D554 /* MockProvider.swift */; };
		063EF5902522F6E10051D554 /* MockService.swift in Sources */ = {isa = PBXBuildFile; fileRef = 063EF58F2522F6E10051D554 /* MockService.swift */; };
		063EF5952522F7C20051D554 /* RegistrationListViewModelTests.swift in Sources */ = {isa = PBXBuildFile; fileRef = 063EF5942522F7C20051D554 /* RegistrationListViewModelTests.swift */; };
		063EF59B2522F8C00051D554 /* RegistrationDetailCellViewModelTests.swift in Sources */ = {isa = PBXBuildFile; fileRef = 063EF59A2522F8C00051D554 /* RegistrationDetailCellViewModelTests.swift */; };
		063EF59F2522FA980051D554 /* CommonTestCase.swift in Sources */ = {isa = PBXBuildFile; fileRef = 063EF59E2522FA980051D554 /* CommonTestCase.swift */; };
		0659E99E2522179A0048AAD1 /* Routable.swift in Sources */ = {isa = PBXBuildFile; fileRef = 0659E99D2522179A0048AAD1 /* Routable.swift */; };
		0659E9A4252218E00048AAD1 /* RegistrationsResponse.swift in Sources */ = {isa = PBXBuildFile; fileRef = 0659E9A3252218E00048AAD1 /* RegistrationsResponse.swift */; };
		0659E9AC252219150048AAD1 /* RegistrationsListRouter.swift in Sources */ = {isa = PBXBuildFile; fileRef = 0659E9AB252219150048AAD1 /* RegistrationsListRouter.swift */; };
		0659E9B7252219A90048AAD1 /* WebService.swift in Sources */ = {isa = PBXBuildFile; fileRef = 0659E9B6252219A90048AAD1 /* WebService.swift */; };
		0659E9BC252219DD0048AAD1 /* RegistrationsListService.swift in Sources */ = {isa = PBXBuildFile; fileRef = 0659E9BB252219DD0048AAD1 /* RegistrationsListService.swift */; };
		0659E9C225221A430048AAD1 /* DependencyProvider.swift in Sources */ = {isa = PBXBuildFile; fileRef = 0659E9C125221A430048AAD1 /* DependencyProvider.swift */; };
		0659E9D325221B0C0048AAD1 /* RegistrationsListViewModel.swift in Sources */ = {isa = PBXBuildFile; fileRef = 0659E9D225221B0C0048AAD1 /* RegistrationsListViewModel.swift */; };
		0659E9DB252221010048AAD1 /* RegistrtaionTableViewCell.swift in Sources */ = {isa = PBXBuildFile; fileRef = 0659E9DA252221010048AAD1 /* RegistrtaionTableViewCell.swift */; };
		0669F3B32522BD5C00F5DCE6 /* RegistrationDetailViewController.swift in Sources */ = {isa = PBXBuildFile; fileRef = 0669F3B22522BD5C00F5DCE6 /* RegistrationDetailViewController.swift */; };
		0669F3B82522C44200F5DCE6 /* RegistrationDetailCellTableViewCell.swift in Sources */ = {isa = PBXBuildFile; fileRef = 0669F3B72522C44200F5DCE6 /* RegistrationDetailCellTableViewCell.swift */; };
		0669F3BE2522C4BF00F5DCE6 /* RegistrationDetailCellViewModel.swift in Sources */ = {isa = PBXBuildFile; fileRef = 0669F3BD2522C4BF00F5DCE6 /* RegistrationDetailCellViewModel.swift */; };
		0669F3C22522C52900F5DCE6 /* RegistrationDetailViewModel.swift in Sources */ = {isa = PBXBuildFile; fileRef = 0669F3C12522C52900F5DCE6 /* RegistrationDetailViewModel.swift */; };
		0669F3C72522D22200F5DCE6 /* Date+Extension.swift in Sources */ = {isa = PBXBuildFile; fileRef = 0669F3C62522D22200F5DCE6 /* Date+Extension.swift */; };
		068FCF992521A3D5004373BC /* AppDelegate.swift in Sources */ = {isa = PBXBuildFile; fileRef = 068FCF982521A3D5004373BC /* AppDelegate.swift */; };
		068FCF9B2521A3D5004373BC /* SceneDelegate.swift in Sources */ = {isa = PBXBuildFile; fileRef = 068FCF9A2521A3D5004373BC /* SceneDelegate.swift */; };
		068FCF9D2521A3D5004373BC /* RegistrationsListViewController.swift in Sources */ = {isa = PBXBuildFile; fileRef = 068FCF9C2521A3D5004373BC /* RegistrationsListViewController.swift */; };
		068FCFA02521A3D5004373BC /* Main.storyboard in Resources */ = {isa = PBXBuildFile; fileRef = 068FCF9E2521A3D5004373BC /* Main.storyboard */; };
		068FCFA22521A3D9004373BC /* Assets.xcassets in Resources */ = {isa = PBXBuildFile; fileRef = 068FCFA12521A3D9004373BC /* Assets.xcassets */; };
		068FCFA52521A3D9004373BC /* LaunchScreen.storyboard in Resources */ = {isa = PBXBuildFile; fileRef = 068FCFA32521A3D9004373BC /* LaunchScreen.storyboard */; };
		06912CC9252229F500B8EC94 /* RegistrationCellViewModel.swift in Sources */ = {isa = PBXBuildFile; fileRef = 06912CC8252229F500B8EC94 /* RegistrationCellViewModel.swift */; };
/* End PBXBuildFile section */

/* Begin PBXContainerItemProxy section */
		068FCFAC2521A3DA004373BC /* PBXContainerItemProxy */ = {
			isa = PBXContainerItemProxy;
			containerPortal = 068FCF8D2521A3D5004373BC /* Project object */;
			proxyType = 1;
			remoteGlobalIDString = 068FCF942521A3D5004373BC;
			remoteInfo = RegoApp;
		};
/* End PBXContainerItemProxy section */

/* Begin PBXFileReference section */
		063EF5732522EDAC0051D554 /* RegistrationInsurerTableViewCell.swift */ = {isa = PBXFileReference; lastKnownFileType = sourcecode.swift; path = RegistrationInsurerTableViewCell.swift; sourceTree = "<group>"; };
		063EF5772522EFC00051D554 /* RegistrationWeightTableViewCell.swift */ = {isa = PBXFileReference; lastKnownFileType = sourcecode.swift; path = RegistrationWeightTableViewCell.swift; sourceTree = "<group>"; };
		063EF5872522F6820051D554 /* registrationsResponse.json */ = {isa = PBXFileReference; fileEncoding = 4; lastKnownFileType = text.json; path = registrationsResponse.json; sourceTree = "<group>"; };
		063EF58B2522F6AB0051D554 /* MockProvider.swift */ = {isa = PBXFileReference; lastKnownFileType = sourcecode.swift; path = MockProvider.swift; sourceTree = "<group>"; };
		063EF58F2522F6E10051D554 /* MockService.swift */ = {isa = PBXFileReference; lastKnownFileType = sourcecode.swift; path = MockService.swift; sourceTree = "<group>"; };
		063EF5942522F7C20051D554 /* RegistrationListViewModelTests.swift */ = {isa = PBXFileReference; lastKnownFileType = sourcecode.swift; path = RegistrationListViewModelTests.swift; sourceTree = "<group>"; };
		063EF59A2522F8C00051D554 /* RegistrationDetailCellViewModelTests.swift */ = {isa = PBXFileReference; lastKnownFileType = sourcecode.swift; path = RegistrationDetailCellViewModelTests.swift; sourceTree = "<group>"; };
		063EF59E2522FA980051D554 /* CommonTestCase.swift */ = {isa = PBXFileReference; lastKnownFileType = sourcecode.swift; path = CommonTestCase.swift; sourceTree = "<group>"; };
		0659E99D2522179A0048AAD1 /* Routable.swift */ = {isa = PBXFileReference; lastKnownFileType = sourcecode.swift; path = Routable.swift; sourceTree = "<group>"; };
		0659E9A3252218E00048AAD1 /* RegistrationsResponse.swift */ = {isa = PBXFileReference; lastKnownFileType = sourcecode.swift; path = RegistrationsResponse.swift; sourceTree = "<group>"; };
		0659E9AB252219150048AAD1 /* RegistrationsListRouter.swift */ = {isa = PBXFileReference; lastKnownFileType = sourcecode.swift; path = RegistrationsListRouter.swift; sourceTree = "<group>"; };
		0659E9B6252219A90048AAD1 /* WebService.swift */ = {isa = PBXFileReference; lastKnownFileType = sourcecode.swift; path = WebService.swift; sourceTree = "<group>"; };
		0659E9BB252219DD0048AAD1 /* RegistrationsListService.swift */ = {isa = PBXFileReference; lastKnownFileType = sourcecode.swift; path = RegistrationsListService.swift; sourceTree = "<group>"; };
		0659E9C125221A430048AAD1 /* DependencyProvider.swift */ = {isa = PBXFileReference; lastKnownFileType = sourcecode.swift; path = DependencyProvider.swift; sourceTree = "<group>"; };
		0659E9D225221B0C0048AAD1 /* RegistrationsListViewModel.swift */ = {isa = PBXFileReference; lastKnownFileType = sourcecode.swift; path = RegistrationsListViewModel.swift; sourceTree = "<group>"; };
		0659E9DA252221010048AAD1 /* RegistrtaionTableViewCell.swift */ = {isa = PBXFileReference; lastKnownFileType = sourcecode.swift; path = RegistrtaionTableViewCell.swift; sourceTree = "<group>"; };
		0669F3B22522BD5C00F5DCE6 /* RegistrationDetailViewController.swift */ = {isa = PBXFileReference; lastKnownFileType = sourcecode.swift; path = RegistrationDetailViewController.swift; sourceTree = "<group>"; };
		0669F3B72522C44200F5DCE6 /* RegistrationDetailCellTableViewCell.swift */ = {isa = PBXFileReference; lastKnownFileType = sourcecode.swift; path = RegistrationDetailCellTableViewCell.swift; sourceTree = "<group>"; };
		0669F3BD2522C4BF00F5DCE6 /* RegistrationDetailCellViewModel.swift */ = {isa = PBXFileReference; lastKnownFileType = sourcecode.swift; path = RegistrationDetailCellViewModel.swift; sourceTree = "<group>"; };
		0669F3C12522C52900F5DCE6 /* RegistrationDetailViewModel.swift */ = {isa = PBXFileReference; lastKnownFileType = sourcecode.swift; path = RegistrationDetailViewModel.swift; sourceTree = "<group>"; };
		0669F3C62522D22200F5DCE6 /* Date+Extension.swift */ = {isa = PBXFileReference; lastKnownFileType = sourcecode.swift; path = "Date+Extension.swift"; sourceTree = "<group>"; };
		068FCF952521A3D5004373BC /* RegoApp.app */ = {isa = PBXFileReference; explicitFileType = wrapper.application; includeInIndex = 0; path = RegoApp.app; sourceTree = BUILT_PRODUCTS_DIR; };
		068FCF982521A3D5004373BC /* AppDelegate.swift */ = {isa = PBXFileReference; lastKnownFileType = sourcecode.swift; path = AppDelegate.swift; sourceTree = "<group>"; };
		068FCF9A2521A3D5004373BC /* SceneDelegate.swift */ = {isa = PBXFileReference; lastKnownFileType = sourcecode.swift; path = SceneDelegate.swift; sourceTree = "<group>"; };
		068FCF9C2521A3D5004373BC /* RegistrationsListViewController.swift */ = {isa = PBXFileReference; lastKnownFileType = sourcecode.swift; path = RegistrationsListViewController.swift; sourceTree = "<group>"; };
		068FCF9F2521A3D5004373BC /* Base */ = {isa = PBXFileReference; lastKnownFileType = file.storyboard; name = Base; path = Base.lproj/Main.storyboard; sourceTree = "<group>"; };
		068FCFA12521A3D9004373BC /* Assets.xcassets */ = {isa = PBXFileReference; lastKnownFileType = folder.assetcatalog; path = Assets.xcassets; sourceTree = "<group>"; };
		068FCFA42521A3D9004373BC /* Base */ = {isa = PBXFileReference; lastKnownFileType = file.storyboard; name = Base; path = Base.lproj/LaunchScreen.storyboard; sourceTree = "<group>"; };
		068FCFA62521A3D9004373BC /* Info.plist */ = {isa = PBXFileReference; lastKnownFileType = text.plist.xml; path = Info.plist; sourceTree = "<group>"; };
		068FCFAB2521A3DA004373BC /* RegoAppTests.xctest */ = {isa = PBXFileReference; explicitFileType = wrapper.cfbundle; includeInIndex = 0; path = RegoAppTests.xctest; sourceTree = BUILT_PRODUCTS_DIR; };
		068FCFB12521A3DA004373BC /* Info.plist */ = {isa = PBXFileReference; lastKnownFileType = text.plist.xml; path = Info.plist; sourceTree = "<group>"; };
		06912CC8252229F500B8EC94 /* RegistrationCellViewModel.swift */ = {isa = PBXFileReference; lastKnownFileType = sourcecode.swift; path = RegistrationCellViewModel.swift; sourceTree = "<group>"; };
/* End PBXFileReference section */

/* Begin PBXFrameworksBuildPhase section */
		068FCF922521A3D5004373BC /* Frameworks */ = {
			isa = PBXFrameworksBuildPhase;
			buildActionMask = 2147483647;
			files = (
			);
			runOnlyForDeploymentPostprocessing = 0;
		};
		068FCFA82521A3DA004373BC /* Frameworks */ = {
			isa = PBXFrameworksBuildPhase;
			buildActionMask = 2147483647;
			files = (
			);
			runOnlyForDeploymentPostprocessing = 0;
		};
/* End PBXFrameworksBuildPhase section */

/* Begin PBXGroup section */
		063EF57B2522F5C70051D554 /* Mocks */ = {
			isa = PBXGroup;
			children = (
				063EF59E2522FA980051D554 /* CommonTestCase.swift */,
				063EF5872522F6820051D554 /* registrationsResponse.json */,
				063EF58B2522F6AB0051D554 /* MockProvider.swift */,
				063EF58F2522F6E10051D554 /* MockService.swift */,
			);
			path = Mocks;
			sourceTree = "<group>";
		};
		063EF5932522F7A50051D554 /* ViewModelTests */ = {
			isa = PBXGroup;
			children = (
				063EF5942522F7C20051D554 /* RegistrationListViewModelTests.swift */,
				063EF59A2522F8C00051D554 /* RegistrationDetailCellViewModelTests.swift */,
			);
			path = ViewModelTests;
			sourceTree = "<group>";
		};
		0659E999252217730048AAD1 /* Network */ = {
			isa = PBXGroup;
			children = (
				0659E99D2522179A0048AAD1 /* Routable.swift */,
				0659E9AB252219150048AAD1 /* RegistrationsListRouter.swift */,
				0659E9B6252219A90048AAD1 /* WebService.swift */,
				0659E9BB252219DD0048AAD1 /* RegistrationsListService.swift */,
			);
			path = Network;
			sourceTree = "<group>";
		};
		0659E9A2252218C90048AAD1 /* Models */ = {
			isa = PBXGroup;
			children = (
				0659E9A3252218E00048AAD1 /* RegistrationsResponse.swift */,
			);
			path = Models;
			sourceTree = "<group>";
		};
		0659E9C025221A310048AAD1 /* DependencyProvider */ = {
			isa = PBXGroup;
			children = (
				0659E9C125221A430048AAD1 /* DependencyProvider.swift */,
			);
			path = DependencyProvider;
			sourceTree = "<group>";
		};
		0659E9C925221ACD0048AAD1 /* Delegates */ = {
			isa = PBXGroup;
			children = (
				068FCF982521A3D5004373BC /* AppDelegate.swift */,
				068FCF9A2521A3D5004373BC /* SceneDelegate.swift */,
			);
			path = Delegates;
			sourceTree = "<group>";
		};
		0659E9CF25221AEB0048AAD1 /* Features */ = {
			isa = PBXGroup;
			children = (
				0669F3B12522BD3000F5DCE6 /* RegistrationDetailView */,
				0659E9D9252220CA0048AAD1 /* RegistrationsCellView */,
				0659E9D8252220BA0048AAD1 /* RegistrationsListView */,
			);
			path = Features;
			sourceTree = "<group>";
		};
		0659E9D8252220BA0048AAD1 /* RegistrationsListView */ = {
			isa = PBXGroup;
			children = (
				068FCF9C2521A3D5004373BC /* RegistrationsListViewController.swift */,
				0659E9D225221B0C0048AAD1 /* RegistrationsListViewModel.swift */,
			);
			path = RegistrationsListView;
			sourceTree = "<group>";
		};
		0659E9D9252220CA0048AAD1 /* RegistrationsCellView */ = {
			isa = PBXGroup;
			children = (
				0659E9DA252221010048AAD1 /* RegistrtaionTableViewCell.swift */,
				06912CC8252229F500B8EC94 /* RegistrationCellViewModel.swift */,
			);
			path = RegistrationsCellView;
			sourceTree = "<group>";
		};
		0669F3B12522BD3000F5DCE6 /* RegistrationDetailView */ = {
			isa = PBXGroup;
			children = (
				0669F3B62522C41C00F5DCE6 /* RegistrationDetailCellViews */,
				0669F3B22522BD5C00F5DCE6 /* RegistrationDetailViewController.swift */,
				0669F3C12522C52900F5DCE6 /* RegistrationDetailViewModel.swift */,
			);
			path = RegistrationDetailView;
			sourceTree = "<group>";
		};
		0669F3B62522C41C00F5DCE6 /* RegistrationDetailCellViews */ = {
			isa = PBXGroup;
			children = (
				0672B8B02522EC5E009D962A /* Cells */,
				0669F3BD2522C4BF00F5DCE6 /* RegistrationDetailCellViewModel.swift */,
			);
			path = RegistrationDetailCellViews;
			sourceTree = "<group>";
		};
		0669F3C52522D21600F5DCE6 /* Extensions */ = {
			isa = PBXGroup;
			children = (
				0669F3C62522D22200F5DCE6 /* Date+Extension.swift */,
			);
			path = Extensions;
			sourceTree = "<group>";
		};
		0672B8B02522EC5E009D962A /* Cells */ = {
			isa = PBXGroup;
			children = (
				0669F3B72522C44200F5DCE6 /* RegistrationDetailCellTableViewCell.swift */,
				063EF5732522EDAC0051D554 /* RegistrationInsurerTableViewCell.swift */,
				063EF5772522EFC00051D554 /* RegistrationWeightTableViewCell.swift */,
			);
			path = Cells;
			sourceTree = "<group>";
		};
		068FCF8C2521A3D5004373BC = {
			isa = PBXGroup;
			children = (
				068FCF972521A3D5004373BC /* RegoApp */,
				068FCFAE2521A3DA004373BC /* RegoAppTests */,
				068FCF962521A3D5004373BC /* Products */,
			);
			sourceTree = "<group>";
		};
		068FCF962521A3D5004373BC /* Products */ = {
			isa = PBXGroup;
			children = (
				068FCF952521A3D5004373BC /* RegoApp.app */,
				068FCFAB2521A3DA004373BC /* RegoAppTests.xctest */,
			);
			name = Products;
			sourceTree = "<group>";
		};
		068FCF972521A3D5004373BC /* RegoApp */ = {
			isa = PBXGroup;
			children = (
				0669F3C52522D21600F5DCE6 /* Extensions */,
				0659E9CF25221AEB0048AAD1 /* Features */,
				0659E9C925221ACD0048AAD1 /* Delegates */,
				0659E9C025221A310048AAD1 /* DependencyProvider */,
				0659E9A2252218C90048AAD1 /* Models */,
				0659E999252217730048AAD1 /* Network */,
				068FCF9E2521A3D5004373BC /* Main.storyboard */,
				068FCFA12521A3D9004373BC /* Assets.xcassets */,
				068FCFA32521A3D9004373BC /* LaunchScreen.storyboard */,
				068FCFA62521A3D9004373BC /* Info.plist */,
			);
			path = RegoApp;
			sourceTree = "<group>";
		};
		068FCFAE2521A3DA004373BC /* RegoAppTests */ = {
			isa = PBXGroup;
			children = (
				063EF5932522F7A50051D554 /* ViewModelTests */,
				063EF57B2522F5C70051D554 /* Mocks */,
				068FCFB12521A3DA004373BC /* Info.plist */,
			);
			path = RegoAppTests;
			sourceTree = "<group>";
		};
/* End PBXGroup section */

/* Begin PBXNativeTarget section */
		068FCF942521A3D5004373BC /* RegoApp */ = {
			isa = PBXNativeTarget;
			buildConfigurationList = 068FCFBF2521A3DA004373BC /* Build configuration list for PBXNativeTarget "RegoApp" */;
			buildPhases = (
				068FCF912521A3D5004373BC /* Sources */,
				068FCF922521A3D5004373BC /* Frameworks */,
				068FCF932521A3D5004373BC /* Resources */,
			);
			buildRules = (
			);
			dependencies = (
			);
			name = RegoApp;
			productName = RegoApp;
			productReference = 068FCF952521A3D5004373BC /* RegoApp.app */;
			productType = "com.apple.product-type.application";
		};
		068FCFAA2521A3DA004373BC /* RegoAppTests */ = {
			isa = PBXNativeTarget;
			buildConfigurationList = 068FCFC22521A3DA004373BC /* Build configuration list for PBXNativeTarget "RegoAppTests" */;
			buildPhases = (
				068FCFA72521A3DA004373BC /* Sources */,
				068FCFA82521A3DA004373BC /* Frameworks */,
				068FCFA92521A3DA004373BC /* Resources */,
			);
			buildRules = (
			);
			dependencies = (
				068FCFAD2521A3DA004373BC /* PBXTargetDependency */,
			);
			name = RegoAppTests;
			productName = RegoAppTests;
			productReference = 068FCFAB2521A3DA004373BC /* RegoAppTests.xctest */;
			productType = "com.apple.product-type.bundle.unit-test";
		};
/* End PBXNativeTarget section */

/* Begin PBXProject section */
		068FCF8D2521A3D5004373BC /* Project object */ = {
			isa = PBXProject;
			attributes = {
				LastSwiftUpdateCheck = 1200;
				LastUpgradeCheck = 1200;
				TargetAttributes = {
					068FCF942521A3D5004373BC = {
						CreatedOnToolsVersion = 12.0.1;
					};
					068FCFAA2521A3DA004373BC = {
						CreatedOnToolsVersion = 12.0.1;
						TestTargetID = 068FCF942521A3D5004373BC;
					};
				};
			};
			buildConfigurationList = 068FCF902521A3D5004373BC /* Build configuration list for PBXProject "RegoApp" */;
			compatibilityVersion = "Xcode 9.3";
			developmentRegion = en;
			hasScannedForEncodings = 0;
			knownRegions = (
				en,
				Base,
			);
			mainGroup = 068FCF8C2521A3D5004373BC;
			productRefGroup = 068FCF962521A3D5004373BC /* Products */;
			projectDirPath = "";
			projectRoot = "";
			targets = (
				068FCF942521A3D5004373BC /* RegoApp */,
				068FCFAA2521A3DA004373BC /* RegoAppTests */,
			);
		};
/* End PBXProject section */

/* Begin PBXResourcesBuildPhase section */
		068FCF932521A3D5004373BC /* Resources */ = {
			isa = PBXResourcesBuildPhase;
			buildActionMask = 2147483647;
			files = (
				068FCFA52521A3D9004373BC /* LaunchScreen.storyboard in Resources */,
				068FCFA22521A3D9004373BC /* Assets.xcassets in Resources */,
				068FCFA02521A3D5004373BC /* Main.storyboard in Resources */,
			);
			runOnlyForDeploymentPostprocessing = 0;
		};
		068FCFA92521A3DA004373BC /* Resources */ = {
			isa = PBXResourcesBuildPhase;
			buildActionMask = 2147483647;
			files = (
				063EF5882522F6820051D554 /* registrationsResponse.json in Resources */,
			);
			runOnlyForDeploymentPostprocessing = 0;
		};
/* End PBXResourcesBuildPhase section */

/* Begin PBXSourcesBuildPhase section */
		068FCF912521A3D5004373BC /* Sources */ = {
			isa = PBXSourcesBuildPhase;
			buildActionMask = 2147483647;
			files = (
				068FCF9D2521A3D5004373BC /* RegistrationsListViewController.swift in Sources */,
				06912CC9252229F500B8EC94 /* RegistrationCellViewModel.swift in Sources */,
				0669F3C22522C52900F5DCE6 /* RegistrationDetailViewModel.swift in Sources */,
				068FCF992521A3D5004373BC /* AppDelegate.swift in Sources */,
				0659E9B7252219A90048AAD1 /* WebService.swift in Sources */,
				063EF5742522EDAC0051D554 /* RegistrationInsurerTableViewCell.swift in Sources */,
				068FCF9B2521A3D5004373BC /* SceneDelegate.swift in Sources */,
				0669F3B82522C44200F5DCE6 /* RegistrationDetailCellTableViewCell.swift in Sources */,
				0659E9D325221B0C0048AAD1 /* RegistrationsListViewModel.swift in Sources */,
				0659E9BC252219DD0048AAD1 /* RegistrationsListService.swift in Sources */,
				063EF5782522EFC00051D554 /* RegistrationWeightTableViewCell.swift in Sources */,
				0669F3C72522D22200F5DCE6 /* Date+Extension.swift in Sources */,
				0659E9AC252219150048AAD1 /* RegistrationsListRouter.swift in Sources */,
				0659E9C225221A430048AAD1 /* DependencyProvider.swift in Sources */,
				0659E9A4252218E00048AAD1 /* RegistrationsResponse.swift in Sources */,
				0669F3BE2522C4BF00F5DCE6 /* RegistrationDetailCellViewModel.swift in Sources */,
				0669F3B32522BD5C00F5DCE6 /* RegistrationDetailViewController.swift in Sources */,
				0659E9DB252221010048AAD1 /* RegistrtaionTableViewCell.swift in Sources */,
				0659E99E2522179A0048AAD1 /* Routable.swift in Sources */,
			);
			runOnlyForDeploymentPostprocessing = 0;
		};
		068FCFA72521A3DA004373BC /* Sources */ = {
			isa = PBXSourcesBuildPhase;
			buildActionMask = 2147483647;
			files = (
				063EF58C2522F6AB0051D554 /* MockProvider.swift in Sources */,
				063EF59B2522F8C00051D554 /* RegistrationDetailCellViewModelTests.swift in Sources */,
				063EF5952522F7C20051D554 /* RegistrationListViewModelTests.swift in Sources */,
				063EF59F2522FA980051D554 /* CommonTestCase.swift in Sources */,
				063EF5902522F6E10051D554 /* MockService.swift in Sources */,
			);
			runOnlyForDeploymentPostprocessing = 0;
		};
/* End PBXSourcesBuildPhase section */

/* Begin PBXTargetDependency section */
		068FCFAD2521A3DA004373BC /* PBXTargetDependency */ = {
			isa = PBXTargetDependency;
			target = 068FCF942521A3D5004373BC /* RegoApp */;
			targetProxy = 068FCFAC2521A3DA004373BC /* PBXContainerItemProxy */;
		};
/* End PBXTargetDependency section */

/* Begin PBXVariantGroup section */
		068FCF9E2521A3D5004373BC /* Main.storyboard */ = {
			isa = PBXVariantGroup;
			children = (
				068FCF9F2521A3D5004373BC /* Base */,
			);
			name = Main.storyboard;
			sourceTree = "<group>";
		};
		068FCFA32521A3D9004373BC /* LaunchScreen.storyboard */ = {
			isa = PBXVariantGroup;
			children = (
				068FCFA42521A3D9004373BC /* Base */,
			);
			name = LaunchScreen.storyboard;
			sourceTree = "<group>";
		};
/* End PBXVariantGroup section */

/* Begin XCBuildConfiguration section */
		068FCFBD2521A3DA004373BC /* Debug */ = {
			isa = XCBuildConfiguration;
			buildSettings = {
				ALWAYS_SEARCH_USER_PATHS = NO;
				CLANG_ANALYZER_NONNULL = YES;
				CLANG_ANALYZER_NUMBER_OBJECT_CONVERSION = YES_AGGRESSIVE;
				CLANG_CXX_LANGUAGE_STANDARD = "gnu++14";
				CLANG_CXX_LIBRARY = "libc++";
				CLANG_ENABLE_MODULES = YES;
				CLANG_ENABLE_OBJC_ARC = YES;
				CLANG_ENABLE_OBJC_WEAK = YES;
				CLANG_WARN_BLOCK_CAPTURE_AUTORELEASING = YES;
				CLANG_WARN_BOOL_CONVERSION = YES;
				CLANG_WARN_COMMA = YES;
				CLANG_WARN_CONSTANT_CONVERSION = YES;
				CLANG_WARN_DEPRECATED_OBJC_IMPLEMENTATIONS = YES;
				CLANG_WARN_DIRECT_OBJC_ISA_USAGE = YES_ERROR;
				CLANG_WARN_DOCUMENTATION_COMMENTS = YES;
				CLANG_WARN_EMPTY_BODY = YES;
				CLANG_WARN_ENUM_CONVERSION = YES;
				CLANG_WARN_INFINITE_RECURSION = YES;
				CLANG_WARN_INT_CONVERSION = YES;
				CLANG_WARN_NON_LITERAL_NULL_CONVERSION = YES;
				CLANG_WARN_OBJC_IMPLICIT_RETAIN_SELF = YES;
				CLANG_WARN_OBJC_LITERAL_CONVERSION = YES;
				CLANG_WARN_OBJC_ROOT_CLASS = YES_ERROR;
				CLANG_WARN_QUOTED_INCLUDE_IN_FRAMEWORK_HEADER = YES;
				CLANG_WARN_RANGE_LOOP_ANALYSIS = YES;
				CLANG_WARN_STRICT_PROTOTYPES = YES;
				CLANG_WARN_SUSPICIOUS_MOVE = YES;
				CLANG_WARN_UNGUARDED_AVAILABILITY = YES_AGGRESSIVE;
				CLANG_WARN_UNREACHABLE_CODE = YES;
				CLANG_WARN__DUPLICATE_METHOD_MATCH = YES;
				COPY_PHASE_STRIP = NO;
				DEBUG_INFORMATION_FORMAT = dwarf;
				ENABLE_STRICT_OBJC_MSGSEND = YES;
				ENABLE_TESTABILITY = YES;
				GCC_C_LANGUAGE_STANDARD = gnu11;
				GCC_DYNAMIC_NO_PIC = NO;
				GCC_NO_COMMON_BLOCKS = YES;
				GCC_OPTIMIZATION_LEVEL = 0;
				GCC_PREPROCESSOR_DEFINITIONS = (
					"DEBUG=1",
					"$(inherited)",
				);
				GCC_WARN_64_TO_32_BIT_CONVERSION = YES;
				GCC_WARN_ABOUT_RETURN_TYPE = YES_ERROR;
				GCC_WARN_UNDECLARED_SELECTOR = YES;
				GCC_WARN_UNINITIALIZED_AUTOS = YES_AGGRESSIVE;
				GCC_WARN_UNUSED_FUNCTION = YES;
				GCC_WARN_UNUSED_VARIABLE = YES;
				IPHONEOS_DEPLOYMENT_TARGET = 14.0;
				MTL_ENABLE_DEBUG_INFO = INCLUDE_SOURCE;
				MTL_FAST_MATH = YES;
				ONLY_ACTIVE_ARCH = YES;
				SDKROOT = iphoneos;
				SWIFT_ACTIVE_COMPILATION_CONDITIONS = DEBUG;
				SWIFT_OPTIMIZATION_LEVEL = "-Onone";
			};
			name = Debug;
		};
		068FCFBE2521A3DA004373BC /* Release */ = {
			isa = XCBuildConfiguration;
			buildSettings = {
				ALWAYS_SEARCH_USER_PATHS = NO;
				CLANG_ANALYZER_NONNULL = YES;
				CLANG_ANALYZER_NUMBER_OBJECT_CONVERSION = YES_AGGRESSIVE;
				CLANG_CXX_LANGUAGE_STANDARD = "gnu++14";
				CLANG_CXX_LIBRARY = "libc++";
				CLANG_ENABLE_MODULES = YES;
				CLANG_ENABLE_OBJC_ARC = YES;
				CLANG_ENABLE_OBJC_WEAK = YES;
				CLANG_WARN_BLOCK_CAPTURE_AUTORELEASING = YES;
				CLANG_WARN_BOOL_CONVERSION = YES;
				CLANG_WARN_COMMA = YES;
				CLANG_WARN_CONSTANT_CONVERSION = YES;
				CLANG_WARN_DEPRECATED_OBJC_IMPLEMENTATIONS = YES;
				CLANG_WARN_DIRECT_OBJC_ISA_USAGE = YES_ERROR;
				CLANG_WARN_DOCUMENTATION_COMMENTS = YES;
				CLANG_WARN_EMPTY_BODY = YES;
				CLANG_WARN_ENUM_CONVERSION = YES;
				CLANG_WARN_INFINITE_RECURSION = YES;
				CLANG_WARN_INT_CONVERSION = YES;
				CLANG_WARN_NON_LITERAL_NULL_CONVERSION = YES;
				CLANG_WARN_OBJC_IMPLICIT_RETAIN_SELF = YES;
				CLANG_WARN_OBJC_LITERAL_CONVERSION = YES;
				CLANG_WARN_OBJC_ROOT_CLASS = YES_ERROR;
				CLANG_WARN_QUOTED_INCLUDE_IN_FRAMEWORK_HEADER = YES;
				CLANG_WARN_RANGE_LOOP_ANALYSIS = YES;
				CLANG_WARN_STRICT_PROTOTYPES = YES;
				CLANG_WARN_SUSPICIOUS_MOVE = YES;
				CLANG_WARN_UNGUARDED_AVAILABILITY = YES_AGGRESSIVE;
				CLANG_WARN_UNREACHABLE_CODE = YES;
				CLANG_WARN__DUPLICATE_METHOD_MATCH = YES;
				COPY_PHASE_STRIP = NO;
				DEBUG_INFORMATION_FORMAT = "dwarf-with-dsym";
				ENABLE_NS_ASSERTIONS = NO;
				ENABLE_STRICT_OBJC_MSGSEND = YES;
				GCC_C_LANGUAGE_STANDARD = gnu11;
				GCC_NO_COMMON_BLOCKS = YES;
				GCC_WARN_64_TO_32_BIT_CONVERSION = YES;
				GCC_WARN_ABOUT_RETURN_TYPE = YES_ERROR;
				GCC_WARN_UNDECLARED_SELECTOR = YES;
				GCC_WARN_UNINITIALIZED_AUTOS = YES_AGGRESSIVE;
				GCC_WARN_UNUSED_FUNCTION = YES;
				GCC_WARN_UNUSED_VARIABLE = YES;
				IPHONEOS_DEPLOYMENT_TARGET = 14.0;
				MTL_ENABLE_DEBUG_INFO = NO;
				MTL_FAST_MATH = YES;
				SDKROOT = iphoneos;
				SWIFT_COMPILATION_MODE = wholemodule;
				SWIFT_OPTIMIZATION_LEVEL = "-O";
				VALIDATE_PRODUCT = YES;
			};
			name = Release;
		};
		068FCFC02521A3DA004373BC /* Debug */ = {
			isa = XCBuildConfiguration;
			buildSettings = {
				ASSETCATALOG_COMPILER_APPICON_NAME = AppIcon;
				ASSETCATALOG_COMPILER_GLOBAL_ACCENT_COLOR_NAME = AccentColor;
				CODE_SIGN_STYLE = Automatic;
				INFOPLIST_FILE = RegoApp/Info.plist;
				LD_RUNPATH_SEARCH_PATHS = (
					"$(inherited)",
					"@executable_path/Frameworks",
				);
				PRODUCT_BUNDLE_IDENTIFIER = com.test.RegoApp;
				PRODUCT_NAME = "$(TARGET_NAME)";
				SWIFT_VERSION = 5.0;
				TARGETED_DEVICE_FAMILY = "1,2";
			};
			name = Debug;
		};
		068FCFC12521A3DA004373BC /* Release */ = {
			isa = XCBuildConfiguration;
			buildSettings = {
				ASSETCATALOG_COMPILER_APPICON_NAME = AppIcon;
				ASSETCATALOG_COMPILER_GLOBAL_ACCENT_COLOR_NAME = AccentColor;
				CODE_SIGN_STYLE = Automatic;
				INFOPLIST_FILE = RegoApp/Info.plist;
				LD_RUNPATH_SEARCH_PATHS = (
					"$(inherited)",
					"@executable_path/Frameworks",
				);
				PRODUCT_BUNDLE_IDENTIFIER = com.test.RegoApp;
				PRODUCT_NAME = "$(TARGET_NAME)";
				SWIFT_VERSION = 5.0;
				TARGETED_DEVICE_FAMILY = "1,2";
			};
			name = Release;
		};
		068FCFC32521A3DA004373BC /* Debug */ = {
			isa = XCBuildConfiguration;
			buildSettings = {
				ALWAYS_EMBED_SWIFT_STANDARD_LIBRARIES = YES;
				BUNDLE_LOADER = "$(TEST_HOST)";
				CODE_SIGN_STYLE = Automatic;
				INFOPLIST_FILE = RegoAppTests/Info.plist;
				IPHONEOS_DEPLOYMENT_TARGET = 14.0;
				LD_RUNPATH_SEARCH_PATHS = (
					"$(inherited)",
					"@executable_path/Frameworks",
					"@loader_path/Frameworks",
				);
				PRODUCT_BUNDLE_IDENTIFIER = com.test.RegoAppTests;
				PRODUCT_NAME = "$(TARGET_NAME)";
				SWIFT_VERSION = 5.0;
				TARGETED_DEVICE_FAMILY = "1,2";
				TEST_HOST = "$(BUILT_PRODUCTS_DIR)/RegoApp.app/RegoApp";
			};
			name = Debug;
		};
		068FCFC42521A3DA004373BC /* Release */ = {
			isa = XCBuildConfiguration;
			buildSettings = {
				ALWAYS_EMBED_SWIFT_STANDARD_LIBRARIES = YES;
				BUNDLE_LOADER = "$(TEST_HOST)";
				CODE_SIGN_STYLE = Automatic;
				INFOPLIST_FILE = RegoAppTests/Info.plist;
				IPHONEOS_DEPLOYMENT_TARGET = 14.0;
				LD_RUNPATH_SEARCH_PATHS = (
					"$(inherited)",
					"@executable_path/Frameworks",
					"@loader_path/Frameworks",
				);
				PRODUCT_BUNDLE_IDENTIFIER = com.test.RegoAppTests;
				PRODUCT_NAME = "$(TARGET_NAME)";
				SWIFT_VERSION = 5.0;
				TARGETED_DEVICE_FAMILY = "1,2";
				TEST_HOST = "$(BUILT_PRODUCTS_DIR)/RegoApp.app/RegoApp";
			};
			name = Release;
		};
/* End XCBuildConfiguration section */

/* Begin XCConfigurationList section */
		068FCF902521A3D5004373BC /* Build configuration list for PBXProject "RegoApp" */ = {
			isa = XCConfigurationList;
			buildConfigurations = (
				068FCFBD2521A3DA004373BC /* Debug */,
				068FCFBE2521A3DA004373BC /* Release */,
			);
			defaultConfigurationIsVisible = 0;
			defaultConfigurationName = Release;
		};
		068FCFBF2521A3DA004373BC /* Build configuration list for PBXNativeTarget "RegoApp" */ = {
			isa = XCConfigurationList;
			buildConfigurations = (
				068FCFC02521A3DA004373BC /* Debug */,
				068FCFC12521A3DA004373BC /* Release */,
			);
			defaultConfigurationIsVisible = 0;
			defaultConfigurationName = Release;
		};
		068FCFC22521A3DA004373BC /* Build configuration list for PBXNativeTarget "RegoAppTests" */ = {
			isa = XCConfigurationList;
			buildConfigurations = (
				068FCFC32521A3DA004373BC /* Debug */,
				068FCFC42521A3DA004373BC /* Release */,
			);
			defaultConfigurationIsVisible = 0;
			defaultConfigurationName = Release;
		};
/* End XCConfigurationList section */
	};
	rootObject = 068FCF8D2521A3D5004373BC /* Project object */;
}
